
Microsoft Visual Studio Solution File, Format Version 12.00
# Visual Studio Version 17
VisualStudioVersion = 17.9.34511.98
MinimumVisualStudioVersion = 10.0.40219.1
Project("{9A19103F-16F7-4668-BE54-9A1E7A4F7556}") = "Resaul.App", "Resaul.App\Resaul.App.csproj", "{73D24C84-82DD-4AD9-BFB3-32326A09BF33}"
EndProject
Project("{E53339B2-1760-4266-BCC7-CA923CBCF16C}") = "docker-compose", "docker-compose.dcproj", "{7240A6EA-9CF3-480D-892B-73D83428DB97}"
EndProject
Global
	GlobalSection(SolutionConfigurationPlatforms) = preSolution
		Debug|Any CPU = Debug|Any CPU
		Release|Any CPU = Release|Any CPU
	EndGlobalSection
	GlobalSection(ProjectConfigurationPlatforms) = postSolution
		{73D24C84-82DD-4AD9-BFB3-32326A09BF33}.Debug|Any CPU.ActiveCfg = Debug|Any CPU
		{73D24C84-82DD-4AD9-BFB3-32326A09BF33}.Debug|Any CPU.Build.0 = Debug|Any CPU
		{73D24C84-82DD-4AD9-BFB3-32326A09BF33}.Release|Any CPU.ActiveCfg = Release|Any CPU
		{73D24C84-82DD-4AD9-BFB3-32326A09BF33}.Release|Any CPU.Build.0 = Release|Any CPU
		{7240A6EA-9CF3-480D-892B-73D83428DB97}.Debug|Any CPU.ActiveCfg = Debug|Any CPU
		{7240A6EA-9CF3-480D-892B-73D83428DB97}.Debug|Any CPU.Build.0 = Debug|Any CPU
		{7240A6EA-9CF3-480D-892B-73D83428DB97}.Release|Any CPU.ActiveCfg = Release|Any CPU
		{7240A6EA-9CF3-480D-892B-73D83428DB97}.Release|Any CPU.Build.0 = Release|Any CPU
	EndGlobalSection
	GlobalSection(SolutionProperties) = preSolution
		HideSolutionNode = FALSE
	EndGlobalSection
	GlobalSection(ExtensibilityGlobals) = postSolution
		SolutionGuid = {E5DE7474-FF02-4AB1-911B-A3CACA6D4457}
	EndGlobalSection
EndGlobal
